<?xml version="1.0" encoding="UTF-8" standalone="yes" ?>
<CodeBlocks_project_file>
	<FileVersion major="1" minor="6" />
	<Project>
		<Option title="hdiffi" />
		<Option pch_mode="2" />
		<Option compiler="gcc" />
		<Build>
			<Target title="Debug">
				<Option output="bin/Debug/hdiffi" prefix_auto="1" extension_auto="1" />
				<Option object_output="obj/Debug/" />
				<Option type="1" />
				<Option compiler="gcc" />
				<Compiler>
					<Add option="-g" />
				</Compiler>
			</Target>
			<Target title="Release">
				<Option output="bin/Release/hdiffi" prefix_auto="1" extension_auto="1" />
				<Option object_output="obj/Release/" />
				<Option type="1" />
				<Option compiler="gcc" />
				<Compiler>
					<Add option="-O3" />
					<Add option="-fexceptions" />
					<Add option="-Wno-error=format-security" />
					<Add option="-fvisibility=hidden" />
					<Add option="-ffunction-sections -fdata-sections" />
					<Add option="-ffat-lto-objects -flto" />
					<Add option="-DNDEBUG" />
				</Compiler>
				<Linker>
					<Add option="-s" />
					<Add option="-Wl,--gc-sections,--as-needed" />
				</Linker>
			</Target>
			<Target title="Release_x86">
				<Option output="bin/Release_x86/hdiffi" prefix_auto="1" extension_auto="1" />
				<Option object_output="obj/Release_x86/" />
				<Option type="1" />
				<Option compiler="gcc" />
				<Compiler>
					<Add option="-O3" />
					<Add option="-m32" />
					<Add option="-fexceptions" />
					<Add option="-Wno-error=format-security" />
					<Add option="-fvisibility=hidden" />
					<Add option="-ffunction-sections -fdata-sections" />
					<Add option="-ffat-lto-objects -flto" />
					<Add option="-DNDEBUG" />
				</Compiler>
				<Linker>
					<Add option="-s" />
					<Add option="-m32" />
					<Add option="-Wl,--gc-sections,--as-needed" />
				</Linker>
			</Target>
		</Build>
		<Compiler>
			<Add option="-Wall" />
			<Add option="-fexceptions" />
			<Add option="-D_LARGEFILE_SOURCE" />
			<Add option="-D_FILE_OFFSET_BITS=64" />
			<Add option="-D_IS_USED_SHARE_hpatch_lite_types=1" />
			<Add directory="../../tinyuz/decompress" />
			<Add directory="../../tinyuz/compress" />
			<Add directory="../../lzma/C" />
			<Add directory="../../zlib" />
			<Add directory="../../HDiffPatch/libHDiffPatch/HPatchLite" />
		</Compiler>
		<Linker>
			<Add library="pthread" />
			<Add library="libz" />
		</Linker>
		<Unit filename="../../HDiffPatch/compress_parallel.cpp" />
		<Unit filename="../../HDiffPatch/file_for_patch.c">
			<Option compilerVar="CC" />
		</Unit>
		<Unit filename="../../HDiffPatch/libHDiffPatch/HDiff/diff.cpp" />
		<Unit filename="../../HDiffPatch/libHDiffPatch/HDiff/private_diff/bytes_rle.cpp" />
		<Unit filename="../../HDiffPatch/libHDiffPatch/HDiff/private_diff/compress_detect.cpp" />
		<Unit filename="../../HDiffPatch/libHDiffPatch/HDiff/private_diff/libdivsufsort/divsufsort.cpp" />
		<Unit filename="../../HDiffPatch/libHDiffPatch/HDiff/private_diff/libdivsufsort/divsufsort64.cpp" />
		<Unit filename="../../HDiffPatch/libHDiffPatch/HDiff/private_diff/limit_mem_diff/adler_roll.c">
			<Option compilerVar="CC" />
		</Unit>
		<Unit filename="../../HDiffPatch/libHDiffPatch/HDiff/private_diff/limit_mem_diff/digest_matcher.cpp" />
		<Unit filename="../../HDiffPatch/libHDiffPatch/HDiff/private_diff/limit_mem_diff/stream_serialize.cpp" />
		<Unit filename="../../HDiffPatch/libHDiffPatch/HDiff/private_diff/suffix_string.cpp" />
		<Unit filename="../../HDiffPatch/libHDiffPatch/HPatch/patch.c">
			<Option compilerVar="CC" />
		</Unit>
		<Unit filename="../../HDiffPatch/libHDiffPatch/HPatchLite/hpatch_lite.c">
			<Option compilerVar="CC" />
		</Unit>
		<Unit filename="../../HDiffPatch/libParallel/parallel_channel.cpp" />
		<Unit filename="../../HDiffPatch/libParallel/parallel_import.cpp" />
		<Unit filename="../../hdiffi.cpp" />
		<Unit filename="../../hdiffi_import_patch.c">
			<Option compilerVar="CC" />
		</Unit>
		<Unit filename="../../lzma/C/LzFind.c">
			<Option compilerVar="CC" />
		</Unit>
		<Unit filename="../../lzma/C/LzFindMt.c">
			<Option compilerVar="CC" />
		</Unit>
		<Unit filename="../../lzma/C/LzFindOpt.c">
			<Option compilerVar="CC" />
		</Unit>
		<Unit filename="../../lzma/C/Lzma2Dec.c">
			<Option compilerVar="CC" />
		</Unit>
		<Unit filename="../../lzma/C/Lzma2Enc.c">
			<Option compilerVar="CC" />
		</Unit>
		<Unit filename="../../lzma/C/LzmaDec.c">
			<Option compilerVar="CC" />
		</Unit>
		<Unit filename="../../lzma/C/LzmaEnc.c">
			<Option compilerVar="CC" />
		</Unit>
		<Unit filename="../../lzma/C/MtCoder.c">
			<Option compilerVar="CC" />
		</Unit>
		<Unit filename="../../lzma/C/MtDec.c">
			<Option compilerVar="CC" />
		</Unit>
		<Unit filename="../../lzma/C/Threads.c">
			<Option compilerVar="CC" />
		</Unit>
		<Unit filename="../../tinyuz/compress/tuz_enc.cpp" />
		<Unit filename="../../tinyuz/compress/tuz_enc_private/tuz_enc_clip.cpp" />
		<Unit filename="../../tinyuz/compress/tuz_enc_private/tuz_enc_code.cpp" />
		<Unit filename="../../tinyuz/compress/tuz_enc_private/tuz_enc_match.cpp" />
		<Unit filename="../../tinyuz/compress/tuz_enc_private/tuz_sstring.cpp" />
		<Unit filename="../../tinyuz/decompress/tuz_dec.c">
			<Option compilerVar="CC" />
		</Unit>
		<Extensions>
			<envvars />
			<code_completion />
			<lib_finder disable_auto="1" />
			<debugger />
		</Extensions>
	</Project>
</CodeBlocks_project_file>
